
Microsoft Visual Studio Solution File, Format Version 12.00
# Visual Studio Version 17
VisualStudioVersion = 17.0.31903.59
MinimumVisualStudioVersion = 10.0.40219.1
Project("{FAE04EC0-301F-11D3-BF4B-00C04F79EFBC}") = "API", "API\API.csproj", "{26DD0CF5-274B-4FC4-BC31-CEBBD62E5652}"
EndProject
Project("{FAE04EC0-301F-11D3-BF4B-00C04F79EFBC}") = "Application", "Application\Application.csproj", "{5869E7DC-F7A8-47C7-88A0-AC2F766969D2}"
EndProject
Project("{FAE04EC0-301F-11D3-BF4B-00C04F79EFBC}") = "Domain", "Domain\Domain.csproj", "{375A7D2D-7881-4989-BE67-5CDEC433BE87}"
EndProject
Project("{FAE04EC0-301F-11D3-BF4B-00C04F79EFBC}") = "Persistence", "Persistence\Persistence.csproj", "{CF87859F-C4B0-4448-A804-3BF29B8CB952}"
EndProject
Global
	GlobalSection(SolutionConfigurationPlatforms) = preSolution
		Debug|Any CPU = Debug|Any CPU
		Release|Any CPU = Release|Any CPU
	EndGlobalSection
	GlobalSection(SolutionProperties) = preSolution
		HideSolutionNode = FALSE
	EndGlobalSection
	GlobalSection(ProjectConfigurationPlatforms) = postSolution
		{26DD0CF5-274B-4FC4-BC31-CEBBD62E5652}.Debug|Any CPU.ActiveCfg = Debug|Any CPU
		{26DD0CF5-274B-4FC4-BC31-CEBBD62E5652}.Debug|Any CPU.Build.0 = Debug|Any CPU
		{26DD0CF5-274B-4FC4-BC31-CEBBD62E5652}.Release|Any CPU.ActiveCfg = Release|Any CPU
		{26DD0CF5-274B-4FC4-BC31-CEBBD62E5652}.Release|Any CPU.Build.0 = Release|Any CPU
		{5869E7DC-F7A8-47C7-88A0-AC2F766969D2}.Debug|Any CPU.ActiveCfg = Debug|Any CPU
		{5869E7DC-F7A8-47C7-88A0-AC2F766969D2}.Debug|Any CPU.Build.0 = Debug|Any CPU
		{5869E7DC-F7A8-47C7-88A0-AC2F766969D2}.Release|Any CPU.ActiveCfg = Release|Any CPU
		{5869E7DC-F7A8-47C7-88A0-AC2F766969D2}.Release|Any CPU.Build.0 = Release|Any CPU
		{375A7D2D-7881-4989-BE67-5CDEC433BE87}.Debug|Any CPU.ActiveCfg = Debug|Any CPU
		{375A7D2D-7881-4989-BE67-5CDEC433BE87}.Debug|Any CPU.Build.0 = Debug|Any CPU
		{375A7D2D-7881-4989-BE67-5CDEC433BE87}.Release|Any CPU.ActiveCfg = Release|Any CPU
		{375A7D2D-7881-4989-BE67-5CDEC433BE87}.Release|Any CPU.Build.0 = Release|Any CPU
		{CF87859F-C4B0-4448-A804-3BF29B8CB952}.Debug|Any CPU.ActiveCfg = Debug|Any CPU
		{CF87859F-C4B0-4448-A804-3BF29B8CB952}.Debug|Any CPU.Build.0 = Debug|Any CPU
		{CF87859F-C4B0-4448-A804-3BF29B8CB952}.Release|Any CPU.ActiveCfg = Release|Any CPU
		{CF87859F-C4B0-4448-A804-3BF29B8CB952}.Release|Any CPU.Build.0 = Release|Any CPU
	EndGlobalSection
EndGlobal
